
Microsoft Visual Studio Solution File, Format Version 12.00
# Visual Studio 15
VisualStudioVersion = 15.0.27004.2009
MinimumVisualStudioVersion = 10.0.40219.1
Project("{D954291E-2A0B-460D-934E-DC6B0785DB48}") = "App2", "App2\App2\App2.shproj", "{C7C17C1E-6FC7-48D4-8027-29272939E0ED}"
EndProject
Project("{FAE04EC0-301F-11D3-BF4B-00C04F79EFBC}") = "App2.Android", "App2\App2.Android\App2.Android.csproj", "{3D78CACE-CC0E-4C21-BA20-DE573A737EFA}"
EndProject
Project("{FAE04EC0-301F-11D3-BF4B-00C04F79EFBC}") = "App2.iOS", "App2\App2.iOS\App2.iOS.csproj", "{042F2E7F-7A8C-482F-B4B8-A96A7A8AC1FA}"
EndProject
Project("{FAE04EC0-301F-11D3-BF4B-00C04F79EFBC}") = "App2.UWP", "App2\App2.UWP\App2.UWP.csproj", "{019C7A51-06E0-4D90-84ED-AD3F78AD8A1D}"
EndProject
Global
	GlobalSection(SharedMSBuildProjectFiles) = preSolution
		App2\App2\App2.projitems*{019c7a51-06e0-4d90-84ed-ad3f78ad8a1d}*SharedItemsImports = 4
		App2\App2\App2.projitems*{042f2e7f-7a8c-482f-b4b8-a96a7a8ac1fa}*SharedItemsImports = 4
		App2\App2\App2.projitems*{3d78cace-cc0e-4c21-ba20-de573a737efa}*SharedItemsImports = 4
		App2\App2\App2.projitems*{c7c17c1e-6fc7-48d4-8027-29272939e0ed}*SharedItemsImports = 13
	EndGlobalSection
	GlobalSection(SolutionConfigurationPlatforms) = preSolution
		Ad-Hoc|Any CPU = Ad-Hoc|Any CPU
		Ad-Hoc|ARM = Ad-Hoc|ARM
		Ad-Hoc|iPhone = Ad-Hoc|iPhone
		Ad-Hoc|iPhoneSimulator = Ad-Hoc|iPhoneSimulator
		Ad-Hoc|x64 = Ad-Hoc|x64
		Ad-Hoc|x86 = Ad-Hoc|x86
		AppStore|Any CPU = AppStore|Any CPU
		AppStore|ARM = AppStore|ARM
		AppStore|iPhone = AppStore|iPhone
		AppStore|iPhoneSimulator = AppStore|iPhoneSimulator
		AppStore|x64 = AppStore|x64
		AppStore|x86 = AppStore|x86
		Debug|Any CPU = Debug|Any CPU
		Debug|ARM = Debug|ARM
		Debug|iPhone = Debug|iPhone
		Debug|iPhoneSimulator = Debug|iPhoneSimulator
		Debug|x64 = Debug|x64
		Debug|x86 = Debug|x86
		Release|Any CPU = Release|Any CPU
		Release|ARM = Release|ARM
		Release|iPhone = Release|iPhone
		Release|iPhoneSimulator = Release|iPhoneSimulator
		Release|x64 = Release|x64
		Release|x86 = Release|x86
	EndGlobalSection
	GlobalSection(ProjectConfigurationPlatforms) = postSolution
		{3D78CACE-CC0E-4C21-BA20-DE573A737EFA}.Ad-Hoc|Any CPU.ActiveCfg = Release|Any CPU
		{3D78CACE-CC0E-4C21-BA20-DE573A737EFA}.Ad-Hoc|Any CPU.Build.0 = Release|Any CPU
		{3D78CACE-CC0E-4C21-BA20-DE573A737EFA}.Ad-Hoc|Any CPU.Deploy.0 = Release|Any CPU
		{3D78CACE-CC0E-4C21-BA20-DE573A737EFA}.Ad-Hoc|ARM.ActiveCfg = Release|Any CPU
		{3D78CACE-CC0E-4C21-BA20-DE573A737EFA}.Ad-Hoc|ARM.Build.0 = Release|Any CPU
		{3D78CACE-CC0E-4C21-BA20-DE573A737EFA}.Ad-Hoc|ARM.Deploy.0 = Release|Any CPU
		{3D78CACE-CC0E-4C21-BA20-DE573A737EFA}.Ad-Hoc|iPhone.ActiveCfg = Release|Any CPU
		{3D78CACE-CC0E-4C21-BA20-DE573A737EFA}.Ad-Hoc|iPhone.Build.0 = Release|Any CPU
		{3D78CACE-CC0E-4C21-BA20-DE573A737EFA}.Ad-Hoc|iPhone.Deploy.0 = Release|Any CPU
		{3D78CACE-CC0E-4C21-BA20-DE573A737EFA}.Ad-Hoc|iPhoneSimulator.ActiveCfg = Release|Any CPU
		{3D78CACE-CC0E-4C21-BA20-DE573A737EFA}.Ad-Hoc|iPhoneSimulator.Build.0 = Release|Any CPU
		{3D78CACE-CC0E-4C21-BA20-DE573A737EFA}.Ad-Hoc|iPhoneSimulator.Deploy.0 = Release|Any CPU
		{3D78CACE-CC0E-4C21-BA20-DE573A737EFA}.Ad-Hoc|x64.ActiveCfg = Release|Any CPU
		{3D78CACE-CC0E-4C21-BA20-DE573A737EFA}.Ad-Hoc|x64.Build.0 = Release|Any CPU
		{3D78CACE-CC0E-4C21-BA20-DE573A737EFA}.Ad-Hoc|x64.Deploy.0 = Release|Any CPU
		{3D78CACE-CC0E-4C21-BA20-DE573A737EFA}.Ad-Hoc|x86.ActiveCfg = Release|Any CPU
		{3D78CACE-CC0E-4C21-BA20-DE573A737EFA}.Ad-Hoc|x86.Build.0 = Release|Any CPU
		{3D78CACE-CC0E-4C21-BA20-DE573A737EFA}.Ad-Hoc|x86.Deploy.0 = Release|Any CPU
		{3D78CACE-CC0E-4C21-BA20-DE573A737EFA}.AppStore|Any CPU.ActiveCfg = Release|Any CPU
		{3D78CACE-CC0E-4C21-BA20-DE573A737EFA}.AppStore|Any CPU.Build.0 = Release|Any CPU
		{3D78CACE-CC0E-4C21-BA20-DE573A737EFA}.AppStore|Any CPU.Deploy.0 = Release|Any CPU
		{3D78CACE-CC0E-4C21-BA20-DE573A737EFA}.AppStore|ARM.ActiveCfg = Release|Any CPU
		{3D78CACE-CC0E-4C21-BA20-DE573A737EFA}.AppStore|ARM.Build.0 = Release|Any CPU
		{3D78CACE-CC0E-4C21-BA20-DE573A737EFA}.AppStore|ARM.Deploy.0 = Release|Any CPU
		{3D78CACE-CC0E-4C21-BA20-DE573A737EFA}.AppStore|iPhone.ActiveCfg = Release|Any CPU
		{3D78CACE-CC0E-4C21-BA20-DE573A737EFA}.AppStore|iPhone.Build.0 = Release|Any CPU
		{3D78CACE-CC0E-4C21-BA20-DE573A737EFA}.AppStore|iPhone.Deploy.0 = Release|Any CPU
		{3D78CACE-CC0E-4C21-BA20-DE573A737EFA}.AppStore|iPhoneSimulator.ActiveCfg = Release|Any CPU
		{3D78CACE-CC0E-4C21-BA20-DE573A737EFA}.AppStore|iPhoneSimulator.Build.0 = Release|Any CPU
		{3D78CACE-CC0E-4C21-BA20-DE573A737EFA}.AppStore|iPhoneSimulator.Deploy.0 = Release|Any CPU
		{3D78CACE-CC0E-4C21-BA20-DE573A737EFA}.AppStore|x64.ActiveCfg = Release|Any CPU
		{3D78CACE-CC0E-4C21-BA20-DE573A737EFA}.AppStore|x64.Build.0 = Release|Any CPU
		{3D78CACE-CC0E-4C21-BA20-DE573A737EFA}.AppStore|x64.Deploy.0 = Release|Any CPU
		{3D78CACE-CC0E-4C21-BA20-DE573A737EFA}.AppStore|x86.ActiveCfg = Release|Any CPU
		{3D78CACE-CC0E-4C21-BA20-DE573A737EFA}.AppStore|x86.Build.0 = Release|Any CPU
		{3D78CACE-CC0E-4C21-BA20-DE573A737EFA}.AppStore|x86.Deploy.0 = Release|Any CPU
		{3D78CACE-CC0E-4C21-BA20-DE573A737EFA}.Debug|Any CPU.ActiveCfg = Debug|Any CPU
		{3D78CACE-CC0E-4C21-BA20-DE573A737EFA}.Debug|Any CPU.Build.0 = Debug|Any CPU
		{3D78CACE-CC0E-4C21-BA20-DE573A737EFA}.Debug|Any CPU.Deploy.0 = Debug|Any CPU
		{3D78CACE-CC0E-4C21-BA20-DE573A737EFA}.Debug|ARM.ActiveCfg = Debug|Any CPU
		{3D78CACE-CC0E-4C21-BA20-DE573A737EFA}.Debug|ARM.Build.0 = Debug|Any CPU
		{3D78CACE-CC0E-4C21-BA20-DE573A737EFA}.Debug|ARM.Deploy.0 = Debug|Any CPU
		{3D78CACE-CC0E-4C21-BA20-DE573A737EFA}.Debug|iPhone.ActiveCfg = Debug|Any CPU
		{3D78CACE-CC0E-4C21-BA20-DE573A737EFA}.Debug|iPhone.Build.0 = Debug|Any CPU
		{3D78CACE-CC0E-4C21-BA20-DE573A737EFA}.Debug|iPhone.Deploy.0 = Debug|Any CPU
		{3D78CACE-CC0E-4C21-BA20-DE573A737EFA}.Debug|iPhoneSimulator.ActiveCfg = Debug|Any CPU
		{3D78CACE-CC0E-4C21-BA20-DE573A737EFA}.Debug|iPhoneSimulator.Build.0 = Debug|Any CPU
		{3D78CACE-CC0E-4C21-BA20-DE573A737EFA}.Debug|iPhoneSimulator.Deploy.0 = Debug|Any CPU
		{3D78CACE-CC0E-4C21-BA20-DE573A737EFA}.Debug|x64.ActiveCfg = Debug|Any CPU
		{3D78CACE-CC0E-4C21-BA20-DE573A737EFA}.Debug|x64.Build.0 = Debug|Any CPU
		{3D78CACE-CC0E-4C21-BA20-DE573A737EFA}.Debug|x64.Deploy.0 = Debug|Any CPU
		{3D78CACE-CC0E-4C21-BA20-DE573A737EFA}.Debug|x86.ActiveCfg = Debug|Any CPU
		{3D78CACE-CC0E-4C21-BA20-DE573A737EFA}.Debug|x86.Build.0 = Debug|Any CPU
		{3D78CACE-CC0E-4C21-BA20-DE573A737EFA}.Debug|x86.Deploy.0 = Debug|Any CPU
		{3D78CACE-CC0E-4C21-BA20-DE573A737EFA}.Release|Any CPU.ActiveCfg = Release|Any CPU
		{3D78CACE-CC0E-4C21-BA20-DE573A737EFA}.Release|Any CPU.Build.0 = Release|Any CPU
		{3D78CACE-CC0E-4C21-BA20-DE573A737EFA}.Release|Any CPU.Deploy.0 = Release|Any CPU
		{3D78CACE-CC0E-4C21-BA20-DE573A737EFA}.Release|ARM.ActiveCfg = Release|Any CPU
		{3D78CACE-CC0E-4C21-BA20-DE573A737EFA}.Release|ARM.Build.0 = Release|Any CPU
		{3D78CACE-CC0E-4C21-BA20-DE573A737EFA}.Release|ARM.Deploy.0 = Release|Any CPU
		{3D78CACE-CC0E-4C21-BA20-DE573A737EFA}.Release|iPhone.ActiveCfg = Release|Any CPU
		{3D78CACE-CC0E-4C21-BA20-DE573A737EFA}.Release|iPhone.Build.0 = Release|Any CPU
		{3D78CACE-CC0E-4C21-BA20-DE573A737EFA}.Release|iPhone.Deploy.0 = Release|Any CPU
		{3D78CACE-CC0E-4C21-BA20-DE573A737EFA}.Release|iPhoneSimulator.ActiveCfg = Release|Any CPU
		{3D78CACE-CC0E-4C21-BA20-DE573A737EFA}.Release|iPhoneSimulator.Build.0 = Release|Any CPU
		{3D78CACE-CC0E-4C21-BA20-DE573A737EFA}.Release|iPhoneSimulator.Deploy.0 = Release|Any CPU
		{3D78CACE-CC0E-4C21-BA20-DE573A737EFA}.Release|x64.ActiveCfg = Release|Any CPU
		{3D78CACE-CC0E-4C21-BA20-DE573A737EFA}.Release|x64.Build.0 = Release|Any CPU
		{3D78CACE-CC0E-4C21-BA20-DE573A737EFA}.Release|x64.Deploy.0 = Release|Any CPU
		{3D78CACE-CC0E-4C21-BA20-DE573A737EFA}.Release|x86.ActiveCfg = Release|Any CPU
		{3D78CACE-CC0E-4C21-BA20-DE573A737EFA}.Release|x86.Build.0 = Release|Any CPU
		{3D78CACE-CC0E-4C21-BA20-DE573A737EFA}.Release|x86.Deploy.0 = Release|Any CPU
		{042F2E7F-7A8C-482F-B4B8-A96A7A8AC1FA}.Ad-Hoc|Any CPU.ActiveCfg = Ad-Hoc|iPhoneSimulator
		{042F2E7F-7A8C-482F-B4B8-A96A7A8AC1FA}.Ad-Hoc|ARM.ActiveCfg = Ad-Hoc|iPhone
		{042F2E7F-7A8C-482F-B4B8-A96A7A8AC1FA}.Ad-Hoc|iPhone.ActiveCfg = Ad-Hoc|iPhone
		{042F2E7F-7A8C-482F-B4B8-A96A7A8AC1FA}.Ad-Hoc|iPhone.Build.0 = Ad-Hoc|iPhone
		{042F2E7F-7A8C-482F-B4B8-A96A7A8AC1FA}.Ad-Hoc|iPhoneSimulator.ActiveCfg = Ad-Hoc|iPhoneSimulator
		{042F2E7F-7A8C-482F-B4B8-A96A7A8AC1FA}.Ad-Hoc|iPhoneSimulator.Build.0 = Ad-Hoc|iPhoneSimulator
		{042F2E7F-7A8C-482F-B4B8-A96A7A8AC1FA}.Ad-Hoc|x64.ActiveCfg = Ad-Hoc|iPhone
		{042F2E7F-7A8C-482F-B4B8-A96A7A8AC1FA}.Ad-Hoc|x86.ActiveCfg = Ad-Hoc|iPhone
		{042F2E7F-7A8C-482F-B4B8-A96A7A8AC1FA}.AppStore|Any CPU.ActiveCfg = AppStore|iPhoneSimulator
		{042F2E7F-7A8C-482F-B4B8-A96A7A8AC1FA}.AppStore|ARM.ActiveCfg = AppStore|iPhone
		{042F2E7F-7A8C-482F-B4B8-A96A7A8AC1FA}.AppStore|iPhone.ActiveCfg = AppStore|iPhone
		{042F2E7F-7A8C-482F-B4B8-A96A7A8AC1FA}.AppStore|iPhone.Build.0 = AppStore|iPhone
		{042F2E7F-7A8C-482F-B4B8-A96A7A8AC1FA}.AppStore|iPhoneSimulator.ActiveCfg = AppStore|iPhoneSimulator
		{042F2E7F-7A8C-482F-B4B8-A96A7A8AC1FA}.AppStore|iPhoneSimulator.Build.0 = AppStore|iPhoneSimulator
		{042F2E7F-7A8C-482F-B4B8-A96A7A8AC1FA}.AppStore|x64.ActiveCfg = AppStore|iPhone
		{042F2E7F-7A8C-482F-B4B8-A96A7A8AC1FA}.AppStore|x86.ActiveCfg = AppStore|iPhone
		{042F2E7F-7A8C-482F-B4B8-A96A7A8AC1FA}.Debug|Any CPU.ActiveCfg = Debug|iPhoneSimulator
		{042F2E7F-7A8C-482F-B4B8-A96A7A8AC1FA}.Debug|ARM.ActiveCfg = Debug|iPhone
		{042F2E7F-7A8C-482F-B4B8-A96A7A8AC1FA}.Debug|iPhone.ActiveCfg = Debug|iPhone
		{042F2E7F-7A8C-482F-B4B8-A96A7A8AC1FA}.Debug|iPhone.Build.0 = Debug|iPhone
		{042F2E7F-7A8C-482F-B4B8-A96A7A8AC1FA}.Debug|iPhoneSimulator.ActiveCfg = Debug|iPhoneSimulator
		{042F2E7F-7A8C-482F-B4B8-A96A7A8AC1FA}.Debug|iPhoneSimulator.Build.0 = Debug|iPhoneSimulator
		{042F2E7F-7A8C-482F-B4B8-A96A7A8AC1FA}.Debug|x64.ActiveCfg = Debug|iPhone
		{042F2E7F-7A8C-482F-B4B8-A96A7A8AC1FA}.Debug|x86.ActiveCfg = Debug|iPhone
		{042F2E7F-7A8C-482F-B4B8-A96A7A8AC1FA}.Release|Any CPU.ActiveCfg = Release|iPhoneSimulator
		{042F2E7F-7A8C-482F-B4B8-A96A7A8AC1FA}.Release|ARM.ActiveCfg = Release|iPhone
		{042F2E7F-7A8C-482F-B4B8-A96A7A8AC1FA}.Release|iPhone.ActiveCfg = Release|iPhone
		{042F2E7F-7A8C-482F-B4B8-A96A7A8AC1FA}.Release|iPhone.Build.0 = Release|iPhone
		{042F2E7F-7A8C-482F-B4B8-A96A7A8AC1FA}.Release|iPhoneSimulator.ActiveCfg = Release|iPhoneSimulator
		{042F2E7F-7A8C-482F-B4B8-A96A7A8AC1FA}.Release|iPhoneSimulator.Build.0 = Release|iPhoneSimulator
		{042F2E7F-7A8C-482F-B4B8-A96A7A8AC1FA}.Release|x64.ActiveCfg = Release|iPhone
		{042F2E7F-7A8C-482F-B4B8-A96A7A8AC1FA}.Release|x86.ActiveCfg = Release|iPhone
		{019C7A51-06E0-4D90-84ED-AD3F78AD8A1D}.Ad-Hoc|Any CPU.ActiveCfg = Release|x86
		{019C7A51-06E0-4D90-84ED-AD3F78AD8A1D}.Ad-Hoc|Any CPU.Build.0 = Release|x86
		{019C7A51-06E0-4D90-84ED-AD3F78AD8A1D}.Ad-Hoc|Any CPU.Deploy.0 = Release|x86
		{019C7A51-06E0-4D90-84ED-AD3F78AD8A1D}.Ad-Hoc|ARM.ActiveCfg = Release|ARM
		{019C7A51-06E0-4D90-84ED-AD3F78AD8A1D}.Ad-Hoc|ARM.Build.0 = Release|ARM
		{019C7A51-06E0-4D90-84ED-AD3F78AD8A1D}.Ad-Hoc|ARM.Deploy.0 = Release|ARM
		{019C7A51-06E0-4D90-84ED-AD3F78AD8A1D}.Ad-Hoc|iPhone.ActiveCfg = Release|x86
		{019C7A51-06E0-4D90-84ED-AD3F78AD8A1D}.Ad-Hoc|iPhone.Build.0 = Release|x86
		{019C7A51-06E0-4D90-84ED-AD3F78AD8A1D}.Ad-Hoc|iPhone.Deploy.0 = Release|x86
		{019C7A51-06E0-4D90-84ED-AD3F78AD8A1D}.Ad-Hoc|iPhoneSimulator.ActiveCfg = Release|x86
		{019C7A51-06E0-4D90-84ED-AD3F78AD8A1D}.Ad-Hoc|iPhoneSimulator.Build.0 = Release|x86
		{019C7A51-06E0-4D90-84ED-AD3F78AD8A1D}.Ad-Hoc|iPhoneSimulator.Deploy.0 = Release|x86
		{019C7A51-06E0-4D90-84ED-AD3F78AD8A1D}.Ad-Hoc|x64.ActiveCfg = Release|x64
		{019C7A51-06E0-4D90-84ED-AD3F78AD8A1D}.Ad-Hoc|x64.Build.0 = Release|x64
		{019C7A51-06E0-4D90-84ED-AD3F78AD8A1D}.Ad-Hoc|x64.Deploy.0 = Release|x64
		{019C7A51-06E0-4D90-84ED-AD3F78AD8A1D}.Ad-Hoc|x86.ActiveCfg = Release|x86
		{019C7A51-06E0-4D90-84ED-AD3F78AD8A1D}.Ad-Hoc|x86.Build.0 = Release|x86
		{019C7A51-06E0-4D90-84ED-AD3F78AD8A1D}.Ad-Hoc|x86.Deploy.0 = Release|x86
		{019C7A51-06E0-4D90-84ED-AD3F78AD8A1D}.AppStore|Any CPU.ActiveCfg = Release|x86
		{019C7A51-06E0-4D90-84ED-AD3F78AD8A1D}.AppStore|Any CPU.Build.0 = Release|x86
		{019C7A51-06E0-4D90-84ED-AD3F78AD8A1D}.AppStore|Any CPU.Deploy.0 = Release|x86
		{019C7A51-06E0-4D90-84ED-AD3F78AD8A1D}.AppStore|ARM.ActiveCfg = Release|ARM
		{019C7A51-06E0-4D90-84ED-AD3F78AD8A1D}.AppStore|ARM.Build.0 = Release|ARM
		{019C7A51-06E0-4D90-84ED-AD3F78AD8A1D}.AppStore|ARM.Deploy.0 = Release|ARM
		{019C7A51-06E0-4D90-84ED-AD3F78AD8A1D}.AppStore|iPhone.ActiveCfg = Release|x86
		{019C7A51-06E0-4D90-84ED-AD3F78AD8A1D}.AppStore|iPhone.Build.0 = Release|x86
		{019C7A51-06E0-4D90-84ED-AD3F78AD8A1D}.AppStore|iPhone.Deploy.0 = Release|x86
		{019C7A51-06E0-4D90-84ED-AD3F78AD8A1D}.AppStore|iPhoneSimulator.ActiveCfg = Release|x86
		{019C7A51-06E0-4D90-84ED-AD3F78AD8A1D}.AppStore|iPhoneSimulator.Build.0 = Release|x86
		{019C7A51-06E0-4D90-84ED-AD3F78AD8A1D}.AppStore|iPhoneSimulator.Deploy.0 = Release|x86
		{019C7A51-06E0-4D90-84ED-AD3F78AD8A1D}.AppStore|x64.ActiveCfg = Release|x64
		{019C7A51-06E0-4D90-84ED-AD3F78AD8A1D}.AppStore|x64.Build.0 = Release|x64
		{019C7A51-06E0-4D90-84ED-AD3F78AD8A1D}.AppStore|x64.Deploy.0 = Release|x64
		{019C7A51-06E0-4D90-84ED-AD3F78AD8A1D}.AppStore|x86.ActiveCfg = Release|x86
		{019C7A51-06E0-4D90-84ED-AD3F78AD8A1D}.AppStore|x86.Build.0 = Release|x86
		{019C7A51-06E0-4D90-84ED-AD3F78AD8A1D}.AppStore|x86.Deploy.0 = Release|x86
		{019C7A51-06E0-4D90-84ED-AD3F78AD8A1D}.Debug|Any CPU.ActiveCfg = Debug|x86
		{019C7A51-06E0-4D90-84ED-AD3F78AD8A1D}.Debug|ARM.ActiveCfg = Debug|ARM
		{019C7A51-06E0-4D90-84ED-AD3F78AD8A1D}.Debug|ARM.Build.0 = Debug|ARM
		{019C7A51-06E0-4D90-84ED-AD3F78AD8A1D}.Debug|ARM.Deploy.0 = Debug|ARM
		{019C7A51-06E0-4D90-84ED-AD3F78AD8A1D}.Debug|iPhone.ActiveCfg = Debug|x86
		{019C7A51-06E0-4D90-84ED-AD3F78AD8A1D}.Debug|iPhoneSimulator.ActiveCfg = Debug|x86
		{019C7A51-06E0-4D90-84ED-AD3F78AD8A1D}.Debug|x64.ActiveCfg = Debug|x64
		{019C7A51-06E0-4D90-84ED-AD3F78AD8A1D}.Debug|x64.Build.0 = Debug|x64
		{019C7A51-06E0-4D90-84ED-AD3F78AD8A1D}.Debug|x64.Deploy.0 = Debug|x64
		{019C7A51-06E0-4D90-84ED-AD3F78AD8A1D}.Debug|x86.ActiveCfg = Debug|x86
		{019C7A51-06E0-4D90-84ED-AD3F78AD8A1D}.Debug|x86.Build.0 = Debug|x86
		{019C7A51-06E0-4D90-84ED-AD3F78AD8A1D}.Debug|x86.Deploy.0 = Debug|x86
		{019C7A51-06E0-4D90-84ED-AD3F78AD8A1D}.Release|Any CPU.ActiveCfg = Release|x86
		{019C7A51-06E0-4D90-84ED-AD3F78AD8A1D}.Release|ARM.ActiveCfg = Release|ARM
		{019C7A51-06E0-4D90-84ED-AD3F78AD8A1D}.Release|ARM.Build.0 = Release|ARM
		{019C7A51-06E0-4D90-84ED-AD3F78AD8A1D}.Release|ARM.Deploy.0 = Release|ARM
		{019C7A51-06E0-4D90-84ED-AD3F78AD8A1D}.Release|iPhone.ActiveCfg = Release|x86
		{019C7A51-06E0-4D90-84ED-AD3F78AD8A1D}.Release|iPhoneSimulator.ActiveCfg = Release|x86
		{019C7A51-06E0-4D90-84ED-AD3F78AD8A1D}.Release|x64.ActiveCfg = Release|x64
		{019C7A51-06E0-4D90-84ED-AD3F78AD8A1D}.Release|x64.Build.0 = Release|x64
		{019C7A51-06E0-4D90-84ED-AD3F78AD8A1D}.Release|x64.Deploy.0 = Release|x64
		{019C7A51-06E0-4D90-84ED-AD3F78AD8A1D}.Release|x86.ActiveCfg = Release|x86
		{019C7A51-06E0-4D90-84ED-AD3F78AD8A1D}.Release|x86.Build.0 = Release|x86
		{019C7A51-06E0-4D90-84ED-AD3F78AD8A1D}.Release|x86.Deploy.0 = Release|x86
	EndGlobalSection
	GlobalSection(SolutionProperties) = preSolution
		HideSolutionNode = FALSE
	EndGlobalSection
	GlobalSection(ExtensibilityGlobals) = postSolution
		SolutionGuid = {86343049-4E48-4220-AF4B-18B7F336E38E}
	EndGlobalSection
EndGlobal
